
Microsoft Visual Studio Solution File, Format Version 12.00
# Visual Studio 15
VisualStudioVersion = 15.0.25807.0
MinimumVisualStudioVersion = 10.0.40219.1
Project("{2150E333-8FDC-42A3-9474-1A3956D46DE8}") = "Engine", "Engine", "{AA974C9F-D347-428F-9B81-8D25495FEA5D}"
EndProject
Project("{2150E333-8FDC-42A3-9474-1A3956D46DE8}") = "Games", "Games", "{D345D919-237F-41AD-95D6-0F47E4EC397A}"
EndProject
Project("{8BC9CEB8-8B4A-11D0-8D11-00A0C91BC942}") = "UE4", "Intermediate\ProjectFiles\UE4.vcxproj", "{7628FA0D-DCC5-4ED5-99CA-A3BA80EB9ADF}"
EndProject
Project("{8BC9CEB8-8B4A-11D0-8D11-00A0C91BC942}") = "FPSGame", "Intermediate\ProjectFiles\FPSGame.vcxproj", "{F4C82C06-920F-4841-AEC7-C4E2DE47C745}"
EndProject
Global
	GlobalSection(SolutionConfigurationPlatforms) = preSolution
		DebugGame Editor|HTML5 = DebugGame Editor|HTML5
		DebugGame Editor|Win32 = DebugGame Editor|Win32
		DebugGame Editor|Win64 = DebugGame Editor|Win64
		DebugGame|HTML5 = DebugGame|HTML5
		DebugGame|Win32 = DebugGame|Win32
		DebugGame|Win64 = DebugGame|Win64
		Development Editor|HTML5 = Development Editor|HTML5
		Development Editor|Win32 = Development Editor|Win32
		Development Editor|Win64 = Development Editor|Win64
		Development|HTML5 = Development|HTML5
		Development|Win32 = Development|Win32
		Development|Win64 = Development|Win64
		Shipping|HTML5 = Shipping|HTML5
		Shipping|Win32 = Shipping|Win32
		Shipping|Win64 = Shipping|Win64
	EndGlobalSection
	GlobalSection(ProjectConfigurationPlatforms) = postSolution
		{7628FA0D-DCC5-4ED5-99CA-A3BA80EB9ADF}.DebugGame Editor|HTML5.ActiveCfg = BuiltWithUnrealBuildTool|Win32
		{7628FA0D-DCC5-4ED5-99CA-A3BA80EB9ADF}.DebugGame Editor|HTML5.Build.0 = BuiltWithUnrealBuildTool|Win32
		{7628FA0D-DCC5-4ED5-99CA-A3BA80EB9ADF}.DebugGame Editor|Win32.ActiveCfg = BuiltWithUnrealBuildTool|Win32
		{7628FA0D-DCC5-4ED5-99CA-A3BA80EB9ADF}.DebugGame Editor|Win32.Build.0 = BuiltWithUnrealBuildTool|Win32
		{7628FA0D-DCC5-4ED5-99CA-A3BA80EB9ADF}.DebugGame Editor|Win64.ActiveCfg = BuiltWithUnrealBuildTool|Win32
		{7628FA0D-DCC5-4ED5-99CA-A3BA80EB9ADF}.DebugGame Editor|Win64.Build.0 = BuiltWithUnrealBuildTool|Win32
		{7628FA0D-DCC5-4ED5-99CA-A3BA80EB9ADF}.DebugGame|HTML5.ActiveCfg = BuiltWithUnrealBuildTool|Win32
		{7628FA0D-DCC5-4ED5-99CA-A3BA80EB9ADF}.DebugGame|HTML5.Build.0 = BuiltWithUnrealBuildTool|Win32
		{7628FA0D-DCC5-4ED5-99CA-A3BA80EB9ADF}.DebugGame|Win32.ActiveCfg = BuiltWithUnrealBuildTool|Win32
		{7628FA0D-DCC5-4ED5-99CA-A3BA80EB9ADF}.DebugGame|Win32.Build.0 = BuiltWithUnrealBuildTool|Win32
		{7628FA0D-DCC5-4ED5-99CA-A3BA80EB9ADF}.DebugGame|Win64.ActiveCfg = BuiltWithUnrealBuildTool|Win32
		{7628FA0D-DCC5-4ED5-99CA-A3BA80EB9ADF}.DebugGame|Win64.Build.0 = BuiltWithUnrealBuildTool|Win32
		{7628FA0D-DCC5-4ED5-99CA-A3BA80EB9ADF}.Development Editor|HTML5.ActiveCfg = BuiltWithUnrealBuildTool|Win32
		{7628FA0D-DCC5-4ED5-99CA-A3BA80EB9ADF}.Development Editor|HTML5.Build.0 = BuiltWithUnrealBuildTool|Win32
		{7628FA0D-DCC5-4ED5-99CA-A3BA80EB9ADF}.Development Editor|Win32.ActiveCfg = BuiltWithUnrealBuildTool|Win32
		{7628FA0D-DCC5-4ED5-99CA-A3BA80EB9ADF}.Development Editor|Win32.Build.0 = BuiltWithUnrealBuildTool|Win32
		{7628FA0D-DCC5-4ED5-99CA-A3BA80EB9ADF}.Development Editor|Win64.ActiveCfg = BuiltWithUnrealBuildTool|Win32
		{7628FA0D-DCC5-4ED5-99CA-A3BA80EB9ADF}.Development Editor|Win64.Build.0 = BuiltWithUnrealBuildTool|Win32
		{7628FA0D-DCC5-4ED5-99CA-A3BA80EB9ADF}.Development|HTML5.ActiveCfg = BuiltWithUnrealBuildTool|Win32
		{7628FA0D-DCC5-4ED5-99CA-A3BA80EB9ADF}.Development|HTML5.Build.0 = BuiltWithUnrealBuildTool|Win32
		{7628FA0D-DCC5-4ED5-99CA-A3BA80EB9ADF}.Development|Win32.ActiveCfg = BuiltWithUnrealBuildTool|Win32
		{7628FA0D-DCC5-4ED5-99CA-A3BA80EB9ADF}.Development|Win32.Build.0 = BuiltWithUnrealBuildTool|Win32
		{7628FA0D-DCC5-4ED5-99CA-A3BA80EB9ADF}.Development|Win64.ActiveCfg = BuiltWithUnrealBuildTool|Win32
		{7628FA0D-DCC5-4ED5-99CA-A3BA80EB9ADF}.Development|Win64.Build.0 = BuiltWithUnrealBuildTool|Win32
		{7628FA0D-DCC5-4ED5-99CA-A3BA80EB9ADF}.Shipping|HTML5.ActiveCfg = BuiltWithUnrealBuildTool|Win32
		{7628FA0D-DCC5-4ED5-99CA-A3BA80EB9ADF}.Shipping|HTML5.Build.0 = BuiltWithUnrealBuildTool|Win32
		{7628FA0D-DCC5-4ED5-99CA-A3BA80EB9ADF}.Shipping|Win32.ActiveCfg = BuiltWithUnrealBuildTool|Win32
		{7628FA0D-DCC5-4ED5-99CA-A3BA80EB9ADF}.Shipping|Win32.Build.0 = BuiltWithUnrealBuildTool|Win32
		{7628FA0D-DCC5-4ED5-99CA-A3BA80EB9ADF}.Shipping|Win64.ActiveCfg = BuiltWithUnrealBuildTool|Win32
		{7628FA0D-DCC5-4ED5-99CA-A3BA80EB9ADF}.Shipping|Win64.Build.0 = BuiltWithUnrealBuildTool|Win32
		{F4C82C06-920F-4841-AEC7-C4E2DE47C745}.DebugGame Editor|HTML5.ActiveCfg = HTML5_DebugGame_Editor|Win32
		{F4C82C06-920F-4841-AEC7-C4E2DE47C745}.DebugGame Editor|Win32.ActiveCfg = DebugGame_Editor|Win32
		{F4C82C06-920F-4841-AEC7-C4E2DE47C745}.DebugGame Editor|Win64.ActiveCfg = DebugGame_Editor|x64
		{F4C82C06-920F-4841-AEC7-C4E2DE47C745}.DebugGame Editor|Win64.Build.0 = DebugGame_Editor|x64
		{F4C82C06-920F-4841-AEC7-C4E2DE47C745}.DebugGame|HTML5.ActiveCfg = HTML5_DebugGame_Game|Win32
		{F4C82C06-920F-4841-AEC7-C4E2DE47C745}.DebugGame|HTML5.Build.0 = HTML5_DebugGame_Game|Win32
		{F4C82C06-920F-4841-AEC7-C4E2DE47C745}.DebugGame|Win32.ActiveCfg = DebugGame_Game|Win32
		{F4C82C06-920F-4841-AEC7-C4E2DE47C745}.DebugGame|Win32.Build.0 = DebugGame_Game|Win32
		{F4C82C06-920F-4841-AEC7-C4E2DE47C745}.DebugGame|Win64.ActiveCfg = DebugGame_Game|x64
		{F4C82C06-920F-4841-AEC7-C4E2DE47C745}.DebugGame|Win64.Build.0 = DebugGame_Game|x64
		{F4C82C06-920F-4841-AEC7-C4E2DE47C745}.Development Editor|HTML5.ActiveCfg = HTML5_Development_Editor|Win32
		{F4C82C06-920F-4841-AEC7-C4E2DE47C745}.Development Editor|Win32.ActiveCfg = Development_Editor|Win32
		{F4C82C06-920F-4841-AEC7-C4E2DE47C745}.Development Editor|Win64.ActiveCfg = Development_Editor|x64
		{F4C82C06-920F-4841-AEC7-C4E2DE47C745}.Development Editor|Win64.Build.0 = Development_Editor|x64
		{F4C82C06-920F-4841-AEC7-C4E2DE47C745}.Development|HTML5.ActiveCfg = HTML5_Development_Game|Win32
		{F4C82C06-920F-4841-AEC7-C4E2DE47C745}.Development|HTML5.Build.0 = HTML5_Development_Game|Win32
		{F4C82C06-920F-4841-AEC7-C4E2DE47C745}.Development|Win32.ActiveCfg = Development_Game|Win32
		{F4C82C06-920F-4841-AEC7-C4E2DE47C745}.Development|Win32.Build.0 = Development_Game|Win32
		{F4C82C06-920F-4841-AEC7-C4E2DE47C745}.Development|Win64.ActiveCfg = Development_Game|x64
		{F4C82C06-920F-4841-AEC7-C4E2DE47C745}.Development|Win64.Build.0 = Development_Game|x64
		{F4C82C06-920F-4841-AEC7-C4E2DE47C745}.Shipping|HTML5.ActiveCfg = HTML5_Shipping_Game|Win32
		{F4C82C06-920F-4841-AEC7-C4E2DE47C745}.Shipping|HTML5.Build.0 = HTML5_Shipping_Game|Win32
		{F4C82C06-920F-4841-AEC7-C4E2DE47C745}.Shipping|Win32.ActiveCfg = Shipping_Game|Win32
		{F4C82C06-920F-4841-AEC7-C4E2DE47C745}.Shipping|Win32.Build.0 = Shipping_Game|Win32
		{F4C82C06-920F-4841-AEC7-C4E2DE47C745}.Shipping|Win64.ActiveCfg = Shipping_Game|x64
		{F4C82C06-920F-4841-AEC7-C4E2DE47C745}.Shipping|Win64.Build.0 = Shipping_Game|x64
	EndGlobalSection
	GlobalSection(SolutionProperties) = preSolution
		HideSolutionNode = FALSE
	EndGlobalSection
	GlobalSection(NestedProjects) = preSolution
		{7628FA0D-DCC5-4ED5-99CA-A3BA80EB9ADF} = {AA974C9F-D347-428F-9B81-8D25495FEA5D}
		{F4C82C06-920F-4841-AEC7-C4E2DE47C745} = {D345D919-237F-41AD-95D6-0F47E4EC397A}
	EndGlobalSection
	GlobalSection(ExtensibilityGlobals) = postSolution
		SolutionGuid = {688DA5AF-2F68-4637-B978-E85954E9E1B5}
	EndGlobalSection
EndGlobal
